
Microsoft Visual Studio Solution File, Format Version 12.00
# Visual Studio Version 16
VisualStudioVersion = 16.0.30621.155
MinimumVisualStudioVersion = 10.0.40219.1
Project("{9A19103F-16F7-4668-BE54-9A1E7A4F7556}") = "Ticketing.Api", "Ticketing.API\Ticketing.Api.csproj", "{2584C8C3-E84B-48CE-98B4-5E9B39672C16}"
EndProject
Global
	GlobalSection(SolutionConfigurationPlatforms) = preSolution
		Debug|Any CPU = Debug|Any CPU
		Release|Any CPU = Release|Any CPU
	EndGlobalSection
	GlobalSection(ProjectConfigurationPlatforms) = postSolution
		{2584C8C3-E84B-48CE-98B4-5E9B39672C16}.Debug|Any CPU.ActiveCfg = Debug|Any CPU
		{2584C8C3-E84B-48CE-98B4-5E9B39672C16}.Debug|Any CPU.Build.0 = Debug|Any CPU
		{2584C8C3-E84B-48CE-98B4-5E9B39672C16}.Release|Any CPU.ActiveCfg = Release|Any CPU
		{2584C8C3-E84B-48CE-98B4-5E9B39672C16}.Release|Any CPU.Build.0 = Release|Any CPU
	EndGlobalSection
	GlobalSection(SolutionProperties) = preSolution
		HideSolutionNode = FALSE
	EndGlobalSection
	GlobalSection(ExtensibilityGlobals) = postSolution
		SolutionGuid = {721D11F2-3912-4CAC-97AF-15B8227B4461}
	EndGlobalSection
EndGlobal
